
Microsoft Visual Studio Solution File, Format Version 12.00
# Visual Studio Version 17
VisualStudioVersion = 17.14.36616.10 d17.14
MinimumVisualStudioVersion = 10.0.40219.1
Project("{FAE04EC0-301F-11D3-BF4B-00C04F79EFBC}") = "CrudWebAPI", "CrudWebAPI.csproj", "{0F6669E7-85AC-447A-8405-34A81B8A9C01}"
EndProject
Global
	GlobalSection(SolutionConfigurationPlatforms) = preSolution
		Debug|Any CPU = Debug|Any CPU
		Release|Any CPU = Release|Any CPU
	EndGlobalSection
	GlobalSection(ProjectConfigurationPlatforms) = postSolution
		{0F6669E7-85AC-447A-8405-34A81B8A9C01}.Debug|Any CPU.ActiveCfg = Debug|Any CPU
		{0F6669E7-85AC-447A-8405-34A81B8A9C01}.Debug|Any CPU.Build.0 = Debug|Any CPU
		{0F6669E7-85AC-447A-8405-34A81B8A9C01}.Release|Any CPU.ActiveCfg = Release|Any CPU
		{0F6669E7-85AC-447A-8405-34A81B8A9C01}.Release|Any CPU.Build.0 = Release|Any CPU
	EndGlobalSection
	GlobalSection(SolutionProperties) = preSolution
		HideSolutionNode = FALSE
	EndGlobalSection
	GlobalSection(ExtensibilityGlobals) = postSolution
		SolutionGuid = {FAFA4AD6-8164-4333-B210-722C77DCF77C}
	EndGlobalSection
EndGlobal
